
Microsoft Visual Studio Solution File, Format Version 12.00
# Visual Studio Version 17
VisualStudioVersion = 17.2.32526.322
MinimumVisualStudioVersion = 10.0.40219.1
Project("{FAE04EC0-301F-11D3-BF4B-00C04F79EFBC}") = "INTEC.ConsoleApp", "INTEC.ConsoleApp\INTEC.ConsoleApp.csproj", "{2C011812-C9E7-4054-897B-19206A27C783}"
EndProject
Project("{FAE04EC0-301F-11D3-BF4B-00C04F79EFBC}") = "INTEC.WindowsFormsApp", "INTEC.WindowsFormsApp\INTEC.WindowsFormsApp.csproj", "{EE28BC37-EE79-4DEF-9FD2-A79CC671511A}"
EndProject
Project("{2150E333-8FDC-42A3-9474-1A3956D46DE8}") = "EXAMPLE I", "EXAMPLE I", "{F624CBEE-76BB-4CE2-8A27-B3642B701C9C}"
EndProject
Project("{2150E333-8FDC-42A3-9474-1A3956D46DE8}") = "EXAMPLE II", "EXAMPLE II", "{7B357A61-FAAF-41AC-A27D-65FFEB684CE6}"
EndProject
Project("{2150E333-8FDC-42A3-9474-1A3956D46DE8}") = "EXAMPLE III", "EXAMPLE III", "{3702C502-9F6C-46AF-A8D8-A3E35A776EBF}"
EndProject
Project("{2150E333-8FDC-42A3-9474-1A3956D46DE8}") = ".NET FRAMEWORK", ".NET FRAMEWORK", "{36B80F89-6A40-4B0F-8DDF-8CCE06A44F92}"
EndProject
Project("{2150E333-8FDC-42A3-9474-1A3956D46DE8}") = ".NET CORE", ".NET CORE", "{75DDFEC3-A3D9-4995-8B79-C7FFA5486FFA}"
EndProject
Project("{FAE04EC0-301F-11D3-BF4B-00C04F79EFBC}") = "ECOMMERCE", "ECOMMERCE\ECOMMERCE\ECOMMERCE.csproj", "{EB939A61-187E-48B2-ABA6-0B55A292F754}"
EndProject
Global
	GlobalSection(SolutionConfigurationPlatforms) = preSolution
		Debug|Any CPU = Debug|Any CPU
		Release|Any CPU = Release|Any CPU
	EndGlobalSection
	GlobalSection(ProjectConfigurationPlatforms) = postSolution
		{2C011812-C9E7-4054-897B-19206A27C783}.Debug|Any CPU.ActiveCfg = Debug|Any CPU
		{2C011812-C9E7-4054-897B-19206A27C783}.Debug|Any CPU.Build.0 = Debug|Any CPU
		{2C011812-C9E7-4054-897B-19206A27C783}.Release|Any CPU.ActiveCfg = Release|Any CPU
		{2C011812-C9E7-4054-897B-19206A27C783}.Release|Any CPU.Build.0 = Release|Any CPU
		{EE28BC37-EE79-4DEF-9FD2-A79CC671511A}.Debug|Any CPU.ActiveCfg = Debug|Any CPU
		{EE28BC37-EE79-4DEF-9FD2-A79CC671511A}.Debug|Any CPU.Build.0 = Debug|Any CPU
		{EE28BC37-EE79-4DEF-9FD2-A79CC671511A}.Release|Any CPU.ActiveCfg = Release|Any CPU
		{EE28BC37-EE79-4DEF-9FD2-A79CC671511A}.Release|Any CPU.Build.0 = Release|Any CPU
		{EB939A61-187E-48B2-ABA6-0B55A292F754}.Debug|Any CPU.ActiveCfg = Debug|Any CPU
		{EB939A61-187E-48B2-ABA6-0B55A292F754}.Debug|Any CPU.Build.0 = Debug|Any CPU
		{EB939A61-187E-48B2-ABA6-0B55A292F754}.Release|Any CPU.ActiveCfg = Release|Any CPU
		{EB939A61-187E-48B2-ABA6-0B55A292F754}.Release|Any CPU.Build.0 = Release|Any CPU
	EndGlobalSection
	GlobalSection(SolutionProperties) = preSolution
		HideSolutionNode = FALSE
	EndGlobalSection
	GlobalSection(NestedProjects) = preSolution
		{2C011812-C9E7-4054-897B-19206A27C783} = {F624CBEE-76BB-4CE2-8A27-B3642B701C9C}
		{EE28BC37-EE79-4DEF-9FD2-A79CC671511A} = {7B357A61-FAAF-41AC-A27D-65FFEB684CE6}
		{36B80F89-6A40-4B0F-8DDF-8CCE06A44F92} = {3702C502-9F6C-46AF-A8D8-A3E35A776EBF}
		{75DDFEC3-A3D9-4995-8B79-C7FFA5486FFA} = {3702C502-9F6C-46AF-A8D8-A3E35A776EBF}
		{EB939A61-187E-48B2-ABA6-0B55A292F754} = {36B80F89-6A40-4B0F-8DDF-8CCE06A44F92}
	EndGlobalSection
	GlobalSection(ExtensibilityGlobals) = postSolution
		SolutionGuid = {5508C607-5F04-4386-9CE0-C379C06C7A8B}
	EndGlobalSection
EndGlobal
